lockfileVersion: '9.0'

settings:
  autoInstallPeers: true
  excludeLinksFromLockfile: false

importers:

  .:
    devDependencies:
      turbo:
        specifier: latest
        version: 2.8.5

  apps/backend-graphene: {}

  apps/backend-strawberry: {}

  apps/web: {}

packages:

  turbo-darwin-64@2.8.5:
    resolution: {integrity: sha512-3wngnZrjRh6nXjNFURY9yKV7ysTF2gibpzkQjo4/c4eWjGt39q5p/A/wpxpnVBzyT1/auaPuzxJA98Sv1ZCOJg==}
    cpu: [x64]
    os: [darwin]

  turbo-darwin-arm64@2.8.5:
    resolution: {integrity: sha512-QAFH6X9h8M4G8uTVRBQFw6EN0LmvYYyNEA2EKJOEogyeULSUA04M+FzYuSScl6uS9P78fzOCC0hhzk/Eqo4GQg==}
    cpu: [arm64]
    os: [darwin]

  turbo-linux-64@2.8.5:
    resolution: {integrity: sha512-o01d5g3CZWavW6vP0KD8wJwdqoHaLuOAb3PvuWY95JEcyPRAKGKNxsTW2xNifY4UYENwSVktFZXZlIO2qnrEmg==}
    cpu: [x64]
    os: [linux]

  turbo-linux-arm64@2.8.5:
    resolution: {integrity: sha512-YSNVEUeFVGsA2pmPOokiximJOhKQnrg/M7JlJZzefjmp+j4Raj7YqLwK8pQRbAO4XDoojkf4tvmy+mRVW9O0gQ==}
    cpu: [arm64]
    os: [linux]

  turbo-windows-64@2.8.5:
    resolution: {integrity: sha512-X0MMT+IwWS+veX8h9/SO3+gkorcuGi0nu8CIg0kBhaqbC6Me0tChvHYQpkXj/+5qG5oFpjgkCSCip4/KYesZtg==}
    cpu: [x64]
    os: [win32]

  turbo-windows-arm64@2.8.5:
    resolution: {integrity: sha512-YBHZ1a0y8J0ITKv4TgujMFk04y84KimPDg8Br2lQaywrj3i2eRXLVuxhPi0Sqw+QuoqBVNKsHigxShA/w+rLLQ==}
    cpu: [arm64]
    os: [win32]

  turbo@2.8.5:
    resolution: {integrity: sha512-pUhV1czFZNGOwnwCLaO727uSDH4botIrhOb/AAFqzfi3x4eeRZoOcAjoidnXD/dwCAw0HJf3+Sy4c2e8SlQKxQ==}
    hasBin: true

snapshots:

  turbo-darwin-64@2.8.5:
    optional: true

  turbo-darwin-arm64@2.8.5:
    optional: true

  turbo-linux-64@2.8.5:
    optional: true

  turbo-linux-arm64@2.8.5:
    optional: true

  turbo-windows-64@2.8.5:
    optional: true

  turbo-windows-arm64@2.8.5:
    optional: true

  turbo@2.8.5:
    optionalDependencies:
      turbo-darwin-64: 2.8.5
      turbo-darwin-arm64: 2.8.5
      turbo-linux-64: 2.8.5
      turbo-linux-arm64: 2.8.5
      turbo-windows-64: 2.8.5
      turbo-windows-arm64: 2.8.5
